// !$*UTF8*$!
{
	archiveVersion = 1;
	classes = {
	};
	objectVersion = 50;
	objects = {

/* Begin PBXBuildFile section */
		1EA23263096A0EEF4DDF7C94 /* Pods_wokestuffshop.framework in Frameworks */ = {isa = PBXBuildFile; fileRef = B9A4C4CC4F69CD55A921E288 /* Pods_wokestuffshop.framework */; };
		6706A16B20C77FCE00BC6760 /* AppDelegate.swift in Sources */ = {isa = PBXBuildFile; fileRef = 6706A16A20C77FCE00BC6760 /* AppDelegate.swift */; };
		6706A17020C77FCE00BC6760 /* Main.storyboard in Resources */ = {isa = PBXBuildFile; fileRef = 6706A16E20C77FCE00BC6760 /* Main.storyboard */; };
		6706A17220C77FD100BC6760 /* Assets.xcassets in Resources */ = {isa = PBXBuildFile; fileRef = 6706A17120C77FD100BC6760 /* Assets.xcassets */; };
		6706A17520C77FD100BC6760 /* LaunchScreen.storyboard in Resources */ = {isa = PBXBuildFile; fileRef = 6706A17320C77FD100BC6760 /* LaunchScreen.storyboard */; };
		6706A18020C77FD200BC6760 /* wokestuffshopTests.swift in Sources */ = {isa = PBXBuildFile; fileRef = 6706A17F20C77FD200BC6760 /* wokestuffshopTests.swift */; };
		6706A18B20C77FD200BC6760 /* wokestuffshopUITests.swift in Sources */ = {isa = PBXBuildFile; fileRef = 6706A18A20C77FD200BC6760 /* wokestuffshopUITests.swift */; };
		6706A19A20C7829400BC6760 /* HomeViewController.swift in Sources */ = {isa = PBXBuildFile; fileRef = 6706A19920C7829400BC6760 /* HomeViewController.swift */; };
		6706A19C20C782AD00BC6760 /* HomeViewModel.swift in Sources */ = {isa = PBXBuildFile; fileRef = 6706A19B20C782AD00BC6760 /* HomeViewModel.swift */; };
		6706A19E20C782BF00BC6760 /* Home.storyboard in Resources */ = {isa = PBXBuildFile; fileRef = 6706A19D20C782BF00BC6760 /* Home.storyboard */; };
		6706A1A420C7833A00BC6760 /* Collection.storyboard in Resources */ = {isa = PBXBuildFile; fileRef = 6706A1A320C7833900BC6760 /* Collection.storyboard */; };
		6706A1A620C7834600BC6760 /* CollectionViewController.swift in Sources */ = {isa = PBXBuildFile; fileRef = 6706A1A520C7834600BC6760 /* CollectionViewController.swift */; };
		6706A1A820C7835000BC6760 /* CollectionViewModel.swift in Sources */ = {isa = PBXBuildFile; fileRef = 6706A1A720C7835000BC6760 /* CollectionViewModel.swift */; };
		6706A1AA20C7836700BC6760 /* CollectionCoordinator.swift in Sources */ = {isa = PBXBuildFile; fileRef = 6706A1A920C7836700BC6760 /* CollectionCoordinator.swift */; };
		6706A1AC20C7837600BC6760 /* HomeCoordinator.swift in Sources */ = {isa = PBXBuildFile; fileRef = 6706A1AB20C7837600BC6760 /* HomeCoordinator.swift */; };
		6706A1AE20C7838C00BC6760 /* Product.storyboard in Resources */ = {isa = PBXBuildFile; fileRef = 6706A1AD20C7838C00BC6760 /* Product.storyboard */; };
		6706A1B020C7839800BC6760 /* ProductViewController.swift in Sources */ = {isa = PBXBuildFile; fileRef = 6706A1AF20C7839800BC6760 /* ProductViewController.swift */; };
		6706A1B220C783A500BC6760 /* ProductViewModel.swift in Sources */ = {isa = PBXBuildFile; fileRef = 6706A1B120C783A500BC6760 /* ProductViewModel.swift */; };
		6706A1B420C783B300BC6760 /* ProductCoordinator.swift in Sources */ = {isa = PBXBuildFile; fileRef = 6706A1B320C783B300BC6760 /* ProductCoordinator.swift */; };
		6706A1B620C783BE00BC6760 /* Cart.storyboard in Resources */ = {isa = PBXBuildFile; fileRef = 6706A1B520C783BE00BC6760 /* Cart.storyboard */; };
		6706A1B820C783D200BC6760 /* CartViewController.swift in Sources */ = {isa = PBXBuildFile; fileRef = 6706A1B720C783D200BC6760 /* CartViewController.swift */; };
		6706A1BA20C783E000BC6760 /* CartViewModel.swift in Sources */ = {isa = PBXBuildFile; fileRef = 6706A1B920C783E000BC6760 /* CartViewModel.swift */; };
		6706A1BC20C783F900BC6760 /* CartCoordinator.swift in Sources */ = {isa = PBXBuildFile; fileRef = 6706A1BB20C783F900BC6760 /* CartCoordinator.swift */; };
		6706A1BE20C7840700BC6760 /* Checkout.storyboard in Resources */ = {isa = PBXBuildFile; fileRef = 6706A1BD20C7840700BC6760 /* Checkout.storyboard */; };
		6706A1C020C7841600BC6760 /* CheckoutViewController.swift in Sources */ = {isa = PBXBuildFile; fileRef = 6706A1BF20C7841600BC6760 /* CheckoutViewController.swift */; };
		6706A1C220C7842700BC6760 /* CheckoutViewModel.swift in Sources */ = {isa = PBXBuildFile; fileRef = 6706A1C120C7842700BC6760 /* CheckoutViewModel.swift */; };
		6706A1C420C7844200BC6760 /* CheckoutCoordinator.swift in Sources */ = {isa = PBXBuildFile; fileRef = 6706A1C320C7844200BC6760 /* CheckoutCoordinator.swift */; };
		672BB93920C786AF00544C2D /* Podfile in Resources */ = {isa = PBXBuildFile; fileRef = 672BB93820C786AF00544C2D /* Podfile */; };
		B296BD5B5D0C95A0CD35582B /* Pods_wokestuffshopTests.framework in Frameworks */ = {isa = PBXBuildFile; fileRef = 183419FBD705B949954E4EED /* Pods_wokestuffshopTests.framework */; };
		ED2E2461F44E7E2CD65081F9 /* Pods_wokestuffshopUITests.framework in Frameworks */ = {isa = PBXBuildFile; fileRef = 6900B8603AA8449D0DAD5CA0 /* Pods_wokestuffshopUITests.framework */; };
/* End PBXBuildFile section */

/* Begin PBXContainerItemProxy section */
		6706A17C20C77FD200BC6760 /* PBXContainerItemProxy */ = {
			isa = PBXContainerItemProxy;
			containerPortal = 6706A15F20C77FCE00BC6760 /* Project object */;
			proxyType = 1;
			remoteGlobalIDString = 6706A16620C77FCE00BC6760;
			remoteInfo = wokestuffshop;
		};
		6706A18720C77FD200BC6760 /* PBXContainerItemProxy */ = {
			isa = PBXContainerItemProxy;
			containerPortal = 6706A15F20C77FCE00BC6760 /* Project object */;
			proxyType = 1;
			remoteGlobalIDString = 6706A16620C77FCE00BC6760;
			remoteInfo = wokestuffshop;
		};
/* End PBXContainerItemProxy section */

/* Begin PBXFileReference section */
		183419FBD705B949954E4EED /* Pods_wokestuffshopTests.framework */ = {isa = PBXFileReference; explicitFileType = wrapper.framework; includeInIndex = 0; path = Pods_wokestuffshopTests.framework; sourceTree = BUILT_PRODUCTS_DIR; };
		4A9C25ABD79A2ABB347305D0 /* Pods-wokestuffshopTests.release.xcconfig */ = {isa = PBXFileReference; includeInIndex = 1; lastKnownFileType = text.xcconfig; name = "Pods-wokestuffshopTests.release.xcconfig"; path = "Pods/Target Support Files/Pods-wokestuffshopTests/Pods-wokestuffshopTests.release.xcconfig"; sourceTree = "<group>"; };
		6706A16720C77FCE00BC6760 /* wokestuffshop.app */ = {isa = PBXFileReference; explicitFileType = wrapper.application; includeInIndex = 0; path = wokestuffshop.app; sourceTree = BUILT_PRODUCTS_DIR; };
		6706A16A20C77FCE00BC6760 /* AppDelegate.swift */ = {isa = PBXFileReference; lastKnownFileType = sourcecode.swift; path = AppDelegate.swift; sourceTree = "<group>"; };
		6706A16F20C77FCE00BC6760 /* Base */ = {isa = PBXFileReference; lastKnownFileType = file.storyboard; name = Base; path = Base.lproj/Main.storyboard; sourceTree = "<group>"; };
		6706A17120C77FD100BC6760 /* Assets.xcassets */ = {isa = PBXFileReference; lastKnownFileType = folder.assetcatalog; path = Assets.xcassets; sourceTree = "<group>"; };
		6706A17420C77FD100BC6760 /* Base */ = {isa = PBXFileReference; lastKnownFileType = file.storyboard; name = Base; path = Base.lproj/LaunchScreen.storyboard; sourceTree = "<group>"; };
		6706A17620C77FD100BC6760 /* Info.plist */ = {isa = PBXFileReference; lastKnownFileType = text.plist.xml; path = Info.plist; sourceTree = "<group>"; };
		6706A17B20C77FD200BC6760 /* wokestuffshopTests.xctest */ = {isa = PBXFileReference; explicitFileType = wrapper.cfbundle; includeInIndex = 0; path = wokestuffshopTests.xctest; sourceTree = BUILT_PRODUCTS_DIR; };
		6706A17F20C77FD200BC6760 /* wokestuffshopTests.swift */ = {isa = PBXFileReference; lastKnownFileType = sourcecode.swift; path = wokestuffshopTests.swift; sourceTree = "<group>"; };
		6706A18120C77FD200BC6760 /* Info.plist */ = {isa = PBXFileReference; lastKnownFileType = text.plist.xml; path = Info.plist; sourceTree = "<group>"; };
		6706A18620C77FD200BC6760 /* wokestuffshopUITests.xctest */ = {isa = PBXFileReference; explicitFileType = wrapper.cfbundle; includeInIndex = 0; path = wokestuffshopUITests.xctest; sourceTree = BUILT_PRODUCTS_DIR; };
		6706A18A20C77FD200BC6760 /* wokestuffshopUITests.swift */ = {isa = PBXFileReference; lastKnownFileType = sourcecode.swift; path = wokestuffshopUITests.swift; sourceTree = "<group>"; };
		6706A18C20C77FD200BC6760 /* Info.plist */ = {isa = PBXFileReference; lastKnownFileType = text.plist.xml; path = Info.plist; sourceTree = "<group>"; };
		6706A19920C7829400BC6760 /* HomeViewController.swift */ = {isa = PBXFileReference; lastKnownFileType = sourcecode.swift; path = HomeViewController.swift; sourceTree = "<group>"; };
		6706A19B20C782AD00BC6760 /* HomeViewModel.swift */ = {isa = PBXFileReference; lastKnownFileType = sourcecode.swift; path = HomeViewModel.swift; sourceTree = "<group>"; };
		6706A19D20C782BF00BC6760 /* Home.storyboard */ = {isa = PBXFileReference; lastKnownFileType = file.storyboard; path = Home.storyboard; sourceTree = "<group>"; };
		6706A1A320C7833900BC6760 /* Collection.storyboard */ = {isa = PBXFileReference; lastKnownFileType = file.storyboard; path = Collection.storyboard; sourceTree = "<group>"; };
		6706A1A520C7834600BC6760 /* CollectionViewController.swift */ = {isa = PBXFileReference; lastKnownFileType = sourcecode.swift; path = CollectionViewController.swift; sourceTree = "<group>"; };
		6706A1A720C7835000BC6760 /* CollectionViewModel.swift */ = {isa = PBXFileReference; lastKnownFileType = sourcecode.swift; path = CollectionViewModel.swift; sourceTree = "<group>"; };
		6706A1A920C7836700BC6760 /* CollectionCoordinator.swift */ = {isa = PBXFileReference; lastKnownFileType = sourcecode.swift; path = CollectionCoordinator.swift; sourceTree = "<group>"; };
		6706A1AB20C7837600BC6760 /* HomeCoordinator.swift */ = {isa = PBXFileReference; lastKnownFileType = sourcecode.swift; path = HomeCoordinator.swift; sourceTree = "<group>"; };
		6706A1AD20C7838C00BC6760 /* Product.storyboard */ = {isa = PBXFileReference; lastKnownFileType = file.storyboard; path = Product.storyboard; sourceTree = "<group>"; };
		6706A1AF20C7839800BC6760 /* ProductViewController.swift */ = {isa = PBXFileReference; lastKnownFileType = sourcecode.swift; path = ProductViewController.swift; sourceTree = "<group>"; };
		6706A1B120C783A500BC6760 /* ProductViewModel.swift */ = {isa = PBXFileReference; lastKnownFileType = sourcecode.swift; path = ProductViewModel.swift; sourceTree = "<group>"; };
		6706A1B320C783B300BC6760 /* ProductCoordinator.swift */ = {isa = PBXFileReference; lastKnownFileType = sourcecode.swift; path = ProductCoordinator.swift; sourceTree = "<group>"; };
		6706A1B520C783BE00BC6760 /* Cart.storyboard */ = {isa = PBXFileReference; lastKnownFileType = file.storyboard; path = Cart.storyboard; sourceTree = "<group>"; };
		6706A1B720C783D200BC6760 /* CartViewController.swift */ = {isa = PBXFileReference; lastKnownFileType = sourcecode.swift; path = CartViewController.swift; sourceTree = "<group>"; };
		6706A1B920C783E000BC6760 /* CartViewModel.swift */ = {isa = PBXFileReference; lastKnownFileType = sourcecode.swift; path = CartViewModel.swift; sourceTree = "<group>"; };
		6706A1BB20C783F900BC6760 /* CartCoordinator.swift */ = {isa = PBXFileReference; lastKnownFileType = sourcecode.swift; path = CartCoordinator.swift; sourceTree = "<group>"; };
		6706A1BD20C7840700BC6760 /* Checkout.storyboard */ = {isa = PBXFileReference; lastKnownFileType = file.storyboard; path = Checkout.storyboard; sourceTree = "<group>"; };
		6706A1BF20C7841600BC6760 /* CheckoutViewController.swift */ = {isa = PBXFileReference; lastKnownFileType = sourcecode.swift; path = CheckoutViewController.swift; sourceTree = "<group>"; };
		6706A1C120C7842700BC6760 /* CheckoutViewModel.swift */ = {isa = PBXFileReference; lastKnownFileType = sourcecode.swift; path = CheckoutViewModel.swift; sourceTree = "<group>"; };
		6706A1C320C7844200BC6760 /* CheckoutCoordinator.swift */ = {isa = PBXFileReference; lastKnownFileType = sourcecode.swift; path = CheckoutCoordinator.swift; sourceTree = "<group>"; };
		672BB93820C786AF00544C2D /* Podfile */ = {isa = PBXFileReference; fileEncoding = 4; lastKnownFileType = text; path = Podfile; sourceTree = SOURCE_ROOT; };
		68F6290E3726707651BE9276 /* Pods-wokestuffshop.debug.xcconfig */ = {isa = PBXFileReference; includeInIndex = 1; lastKnownFileType = text.xcconfig; name = "Pods-wokestuffshop.debug.xcconfig"; path = "Pods/Target Support Files/Pods-wokestuffshop/Pods-wokestuffshop.debug.xcconfig"; sourceTree = "<group>"; };
		6900B8603AA8449D0DAD5CA0 /* Pods_wokestuffshopUITests.framework */ = {isa = PBXFileReference; explicitFileType = wrapper.framework; includeInIndex = 0; path = Pods_wokestuffshopUITests.framework; sourceTree = BUILT_PRODUCTS_DIR; };
		785ED0908776EEAA2C0B5337 /* Pods-wokestuffshopUITests.debug.xcconfig */ = {isa = PBXFileReference; includeInIndex = 1; lastKnownFileType = text.xcconfig; name = "Pods-wokestuffshopUITests.debug.xcconfig"; path = "Pods/Target Support Files/Pods-wokestuffshopUITests/Pods-wokestuffshopUITests.debug.xcconfig"; sourceTree = "<group>"; };
		A43CD921217AB03986C075C3 /* Pods-wokestuffshopTests.debug.xcconfig */ = {isa = PBXFileReference; includeInIndex = 1; lastKnownFileType = text.xcconfig; name = "Pods-wokestuffshopTests.debug.xcconfig"; path = "Pods/Target Support Files/Pods-wokestuffshopTests/Pods-wokestuffshopTests.debug.xcconfig"; sourceTree = "<group>"; };
		B9A4C4CC4F69CD55A921E288 /* Pods_wokestuffshop.framework */ = {isa = PBXFileReference; explicitFileType = wrapper.framework; includeInIndex = 0; path = Pods_wokestuffshop.framework; sourceTree = BUILT_PRODUCTS_DIR; };
		DCEB3B4E4796A66B0790A6E0 /* Pods-wokestuffshopUITests.release.xcconfig */ = {isa = PBXFileReference; includeInIndex = 1; lastKnownFileType = text.xcconfig; name = "Pods-wokestuffshopUITests.release.xcconfig"; path = "Pods/Target Support Files/Pods-wokestuffshopUITests/Pods-wokestuffshopUITests.release.xcconfig"; sourceTree = "<group>"; };
		E8ED0E3D77A2901F2C4E63CC /* Pods-wokestuffshop.release.xcconfig */ = {isa = PBXFileReference; includeInIndex = 1; lastKnownFileType = text.xcconfig; name = "Pods-wokestuffshop.release.xcconfig"; path = "Pods/Target Support Files/Pods-wokestuffshop/Pods-wokestuffshop.release.xcconfig"; sourceTree = "<group>"; };
/* End PBXFileReference section */

/* Begin PBXFrameworksBuildPhase section */
		6706A16420C77FCE00BC6760 /* Frameworks */ = {
			isa = PBXFrameworksBuildPhase;
			buildActionMask = 2147483647;
			files = (
				1EA23263096A0EEF4DDF7C94 /* Pods_wokestuffshop.framework in Frameworks */,
			);
			runOnlyForDeploymentPostprocessing = 0;
		};
		6706A17820C77FD200BC6760 /* Frameworks */ = {
			isa = PBXFrameworksBuildPhase;
			buildActionMask = 2147483647;
			files = (
				B296BD5B5D0C95A0CD35582B /* Pods_wokestuffshopTests.framework in Frameworks */,
			);
			runOnlyForDeploymentPostprocessing = 0;
		};
		6706A18320C77FD200BC6760 /* Frameworks */ = {
			isa = PBXFrameworksBuildPhase;
			buildActionMask = 2147483647;
			files = (
				ED2E2461F44E7E2CD65081F9 /* Pods_wokestuffshopUITests.framework in Frameworks */,
			);
			runOnlyForDeploymentPostprocessing = 0;
		};
/* End PBXFrameworksBuildPhase section */

/* Begin PBXGroup section */
		151156D6B407CCEAC37D3AE2 /* Pods */ = {
			isa = PBXGroup;
			children = (
				68F6290E3726707651BE9276 /* Pods-wokestuffshop.debug.xcconfig */,
				E8ED0E3D77A2901F2C4E63CC /* Pods-wokestuffshop.release.xcconfig */,
				A43CD921217AB03986C075C3 /* Pods-wokestuffshopTests.debug.xcconfig */,
				4A9C25ABD79A2ABB347305D0 /* Pods-wokestuffshopTests.release.xcconfig */,
				785ED0908776EEAA2C0B5337 /* Pods-wokestuffshopUITests.debug.xcconfig */,
				DCEB3B4E4796A66B0790A6E0 /* Pods-wokestuffshopUITests.release.xcconfig */,
			);
			name = Pods;
			sourceTree = "<group>";
		};
		6706A15E20C77FCE00BC6760 = {
			isa = PBXGroup;
			children = (
				6706A16920C77FCE00BC6760 /* wokestuffshop */,
				6706A17E20C77FD200BC6760 /* wokestuffshopTests */,
				6706A18920C77FD200BC6760 /* wokestuffshopUITests */,
				6706A16820C77FCE00BC6760 /* Products */,
				151156D6B407CCEAC37D3AE2 /* Pods */,
				E8D38537D4A47C5B74F2359C /* Frameworks */,
			);
			sourceTree = "<group>";
		};
		6706A16820C77FCE00BC6760 /* Products */ = {
			isa = PBXGroup;
			children = (
				6706A16720C77FCE00BC6760 /* wokestuffshop.app */,
				6706A17B20C77FD200BC6760 /* wokestuffshopTests.xctest */,
				6706A18620C77FD200BC6760 /* wokestuffshopUITests.xctest */,
			);
			name = Products;
			sourceTree = "<group>";
		};
		6706A16920C77FCE00BC6760 /* wokestuffshop */ = {
			isa = PBXGroup;
			children = (
				6706A1A220C7832000BC6760 /* Checkout */,
				6706A1A120C7831400BC6760 /* Cart */,
				6706A1A020C7830B00BC6760 /* Product */,
				6706A19F20C782F200BC6760 /* Collection */,
				6706A19820C7826700BC6760 /* Home */,
				6706A16A20C77FCE00BC6760 /* AppDelegate.swift */,
				6706A16E20C77FCE00BC6760 /* Main.storyboard */,
				6706A17120C77FD100BC6760 /* Assets.xcassets */,
				6706A17320C77FD100BC6760 /* LaunchScreen.storyboard */,
				6706A17620C77FD100BC6760 /* Info.plist */,
				672BB93820C786AF00544C2D /* Podfile */,
			);
			path = wokestuffshop;
			sourceTree = "<group>";
		};
		6706A17E20C77FD200BC6760 /* wokestuffshopTests */ = {
			isa = PBXGroup;
			children = (
				6706A17F20C77FD200BC6760 /* wokestuffshopTests.swift */,
				6706A18120C77FD200BC6760 /* Info.plist */,
			);
			path = wokestuffshopTests;
			sourceTree = "<group>";
		};
		6706A18920C77FD200BC6760 /* wokestuffshopUITests */ = {
			isa = PBXGroup;
			children = (
				6706A18A20C77FD200BC6760 /* wokestuffshopUITests.swift */,
				6706A18C20C77FD200BC6760 /* Info.plist */,
			);
			path = wokestuffshopUITests;
			sourceTree = "<group>";
		};
		6706A19820C7826700BC6760 /* Home */ = {
			isa = PBXGroup;
			children = (
				6706A19D20C782BF00BC6760 /* Home.storyboard */,
				6706A19920C7829400BC6760 /* HomeViewController.swift */,
				6706A19B20C782AD00BC6760 /* HomeViewModel.swift */,
				6706A1AB20C7837600BC6760 /* HomeCoordinator.swift */,
			);
			path = Home;
			sourceTree = "<group>";
		};
		6706A19F20C782F200BC6760 /* Collection */ = {
			isa = PBXGroup;
			children = (
				6706A1A320C7833900BC6760 /* Collection.storyboard */,
				6706A1A520C7834600BC6760 /* CollectionViewController.swift */,
				6706A1A720C7835000BC6760 /* CollectionViewModel.swift */,
				6706A1A920C7836700BC6760 /* CollectionCoordinator.swift */,
			);
			path = Collection;
			sourceTree = "<group>";
		};
		6706A1A020C7830B00BC6760 /* Product */ = {
			isa = PBXGroup;
			children = (
				6706A1AD20C7838C00BC6760 /* Product.storyboard */,
				6706A1AF20C7839800BC6760 /* ProductViewController.swift */,
				6706A1B120C783A500BC6760 /* ProductViewModel.swift */,
				6706A1B320C783B300BC6760 /* ProductCoordinator.swift */,
			);
			path = Product;
			sourceTree = "<group>";
		};
		6706A1A120C7831400BC6760 /* Cart */ = {
			isa = PBXGroup;
			children = (
				6706A1B520C783BE00BC6760 /* Cart.storyboard */,
				6706A1B720C783D200BC6760 /* CartViewController.swift */,
				6706A1B920C783E000BC6760 /* CartViewModel.swift */,
				6706A1BB20C783F900BC6760 /* CartCoordinator.swift */,
			);
			path = Cart;
			sourceTree = "<group>";
		};
		6706A1A220C7832000BC6760 /* Checkout */ = {
			isa = PBXGroup;
			children = (
				6706A1BD20C7840700BC6760 /* Checkout.storyboard */,
				6706A1BF20C7841600BC6760 /* CheckoutViewController.swift */,
				6706A1C120C7842700BC6760 /* CheckoutViewModel.swift */,
				6706A1C320C7844200BC6760 /* CheckoutCoordinator.swift */,
			);
			path = Checkout;
			sourceTree = "<group>";
		};
		E8D38537D4A47C5B74F2359C /* Frameworks */ = {
			isa = PBXGroup;
			children = (
				B9A4C4CC4F69CD55A921E288 /* Pods_wokestuffshop.framework */,
				183419FBD705B949954E4EED /* Pods_wokestuffshopTests.framework */,
				6900B8603AA8449D0DAD5CA0 /* Pods_wokestuffshopUITests.framework */,
			);
			name = Frameworks;
			sourceTree = "<group>";
		};
/* End PBXGroup section */

/* Begin PBXNativeTarget section */
		6706A16620C77FCE00BC6760 /* wokestuffshop */ = {
			isa = PBXNativeTarget;
			buildConfigurationList = 6706A18F20C77FD200BC6760 /* Build configuration list for PBXNativeTarget "wokestuffshop" */;
			buildPhases = (
				5DBABD7087536DF99D8EF533 /* [CP] Check Pods Manifest.lock */,
				6706A16320C77FCE00BC6760 /* Sources */,
				6706A16420C77FCE00BC6760 /* Frameworks */,
				6706A16520C77FCE00BC6760 /* Resources */,
				45F01B18EAAA20CF8B9CAFDB /* [CP] Embed Pods Frameworks */,
			);
			buildRules = (
			);
			dependencies = (
			);
			name = wokestuffshop;
			productName = wokestuffshop;
			productReference = 6706A16720C77FCE00BC6760 /* wokestuffshop.app */;
			productType = "com.apple.product-type.application";
		};
		6706A17A20C77FD200BC6760 /* wokestuffshopTests */ = {
			isa = PBXNativeTarget;
			buildConfigurationList = 6706A19220C77FD200BC6760 /* Build configuration list for PBXNativeTarget "wokestuffshopTests" */;
			buildPhases = (
				3D7396EA28136ED16AC1F967 /* [CP] Check Pods Manifest.lock */,
				6706A17720C77FD200BC6760 /* Sources */,
				6706A17820C77FD200BC6760 /* Frameworks */,
				6706A17920C77FD200BC6760 /* Resources */,
				4DC0F106409ED05C22BD562E /* [CP] Embed Pods Frameworks */,
			);
			buildRules = (
			);
			dependencies = (
				6706A17D20C77FD200BC6760 /* PBXTargetDependency */,
			);
			name = wokestuffshopTests;
			productName = wokestuffshopTests;
			productReference = 6706A17B20C77FD200BC6760 /* wokestuffshopTests.xctest */;
			productType = "com.apple.product-type.bundle.unit-test";
		};
		6706A18520C77FD200BC6760 /* wokestuffshopUITests */ = {
			isa = PBXNativeTarget;
			buildConfigurationList = 6706A19520C77FD200BC6760 /* Build configuration list for PBXNativeTarget "wokestuffshopUITests" */;
			buildPhases = (
				88700A5F56CA3707DA1706FA /* [CP] Check Pods Manifest.lock */,
				6706A18220C77FD200BC6760 /* Sources */,
				6706A18320C77FD200BC6760 /* Frameworks */,
				6706A18420C77FD200BC6760 /* Resources */,
			);
			buildRules = (
			);
			dependencies = (
				6706A18820C77FD200BC6760 /* PBXTargetDependency */,
			);
			name = wokestuffshopUITests;
			productName = wokestuffshopUITests;
			productReference = 6706A18620C77FD200BC6760 /* wokestuffshopUITests.xctest */;
			productType = "com.apple.product-type.bundle.ui-testing";
		};
/* End PBXNativeTarget section */

/* Begin PBXProject section */
		6706A15F20C77FCE00BC6760 /* Project object */ = {
			isa = PBXProject;
			attributes = {
				LastSwiftUpdateCheck = 0940;
				LastUpgradeCheck = 0940;
				ORGANIZATIONNAME = aminebadraoui;
				TargetAttributes = {
					6706A16620C77FCE00BC6760 = {
						CreatedOnToolsVersion = 9.4;
					};
					6706A17A20C77FD200BC6760 = {
						CreatedOnToolsVersion = 9.4;
						TestTargetID = 6706A16620C77FCE00BC6760;
					};
					6706A18520C77FD200BC6760 = {
						CreatedOnToolsVersion = 9.4;
						TestTargetID = 6706A16620C77FCE00BC6760;
					};
				};
			};
			buildConfigurationList = 6706A16220C77FCE00BC6760 /* Build configuration list for PBXProject "wokestuffshop" */;
			compatibilityVersion = "Xcode 9.3";
			developmentRegion = en;
			hasScannedForEncodings = 0;
			knownRegions = (
				en,
				Base,
			);
			mainGroup = 6706A15E20C77FCE00BC6760;
			productRefGroup = 6706A16820C77FCE00BC6760 /* Products */;
			projectDirPath = "";
			projectRoot = "";
			targets = (
				6706A16620C77FCE00BC6760 /* wokestuffshop */,
				6706A17A20C77FD200BC6760 /* wokestuffshopTests */,
				6706A18520C77FD200BC6760 /* wokestuffshopUITests */,
			);
		};
/* End PBXProject section */

/* Begin PBXResourcesBuildPhase section */
		6706A16520C77FCE00BC6760 /* Resources */ = {
			isa = PBXResourcesBuildPhase;
			buildActionMask = 2147483647;
			files = (
				6706A1BE20C7840700BC6760 /* Checkout.storyboard in Resources */,
				6706A17520C77FD100BC6760 /* LaunchScreen.storyboard in Resources */,
				6706A17220C77FD100BC6760 /* Assets.xcassets in Resources */,
				6706A17020C77FCE00BC6760 /* Main.storyboard in Resources */,
				6706A19E20C782BF00BC6760 /* Home.storyboard in Resources */,
				6706A1AE20C7838C00BC6760 /* Product.storyboard in Resources */,
				672BB93920C786AF00544C2D /* Podfile in Resources */,
				6706A1A420C7833A00BC6760 /* Collection.storyboard in Resources */,
				6706A1B620C783BE00BC6760 /* Cart.storyboard in Resources */,
			);
			runOnlyForDeploymentPostprocessing = 0;
		};
		6706A17920C77FD200BC6760 /* Resources */ = {
			isa = PBXResourcesBuildPhase;
			buildActionMask = 2147483647;
			files = (
			);
			runOnlyForDeploymentPostprocessing = 0;
		};
		6706A18420C77FD200BC6760 /* Resources */ = {
			isa = PBXResourcesBuildPhase;
			buildActionMask = 2147483647;
			files = (
			);
			runOnlyForDeploymentPostprocessing = 0;
		};
/* End PBXResourcesBuildPhase section */

/* Begin PBXShellScriptBuildPhase section */
		3D7396EA28136ED16AC1F967 /* [CP] Check Pods Manifest.lock */ = {
			isa = PBXShellScriptBuildPhase;
			buildActionMask = 2147483647;
			files = (
			);
			inputPaths = (
				"${PODS_PODFILE_DIR_PATH}/Podfile.lock",
				"${PODS_ROOT}/Manifest.lock",
			);
			name = "[CP] Check Pods Manifest.lock";
			outputPaths = (
				"$(DERIVED_FILE_DIR)/Pods-wokestuffshopTests-checkManifestLockResult.txt",
			);
			runOnlyForDeploymentPostprocessing = 0;
			shellPath = /bin/sh;
			shellScript = "diff \"${PODS_PODFILE_DIR_PATH}/Podfile.lock\" \"${PODS_ROOT}/Manifest.lock\" > /dev/null\nif [ $? != 0 ] ; then\n    # print error to STDERR\n    echo \"error: The sandbox is not in sync with the Podfile.lock. Run 'pod install' or update your CocoaPods installation.\" >&2\n    exit 1\nfi\n# This output is used by Xcode 'outputs' to avoid re-running this script phase.\necho \"SUCCESS\" > \"${SCRIPT_OUTPUT_FILE_0}\"\n";
			showEnvVarsInLog = 0;
		};
		45F01B18EAAA20CF8B9CAFDB /* [CP] Embed Pods Frameworks */ = {
			isa = PBXShellScriptBuildPhase;
			buildActionMask = 2147483647;
			files = (
			);
			inputPaths = (
				"${SRCROOT}/Pods/Target Support Files/Pods-wokestuffshop/Pods-wokestuffshop-frameworks.sh",
				"${BUILT_PRODUCTS_DIR}/ActiveLabel/ActiveLabel.framework",
				"${BUILT_PRODUCTS_DIR}/Reusable/Reusable.framework",
				"${BUILT_PRODUCTS_DIR}/RxCocoa/RxCocoa.framework",
				"${BUILT_PRODUCTS_DIR}/RxSwift/RxSwift.framework",
			);
			name = "[CP] Embed Pods Frameworks";
			outputPaths = (
				"${TARGET_BUILD_DIR}/${FRAMEWORKS_FOLDER_PATH}/ActiveLabel.framework",
				"${TARGET_BUILD_DIR}/${FRAMEWORKS_FOLDER_PATH}/Reusable.framework",
				"${TARGET_BUILD_DIR}/${FRAMEWORKS_FOLDER_PATH}/RxCocoa.framework",
				"${TARGET_BUILD_DIR}/${FRAMEWORKS_FOLDER_PATH}/RxSwift.framework",
			);
			runOnlyForDeploymentPostprocessing = 0;
			shellPath = /bin/sh;
			shellScript = "\"${SRCROOT}/Pods/Target Support Files/Pods-wokestuffshop/Pods-wokestuffshop-frameworks.sh\"\n";
			showEnvVarsInLog = 0;
		};
		4DC0F106409ED05C22BD562E /* [CP] Embed Pods Frameworks */ = {
			isa = PBXShellScriptBuildPhase;
			buildActionMask = 2147483647;
			files = (
			);
			inputPaths = (
				"${SRCROOT}/Pods/Target Support Files/Pods-wokestuffshopTests/Pods-wokestuffshopTests-frameworks.sh",
				"${BUILT_PRODUCTS_DIR}/RxSwift/RxSwift.framework",
				"${BUILT_PRODUCTS_DIR}/Mockingjay/Mockingjay.framework",
				"${BUILT_PRODUCTS_DIR}/PINCache/PINCache.framework",
				"${BUILT_PRODUCTS_DIR}/PINOperation/PINOperation.framework",
				"${BUILT_PRODUCTS_DIR}/PINRemoteImage/PINRemoteImage.framework",
				"${BUILT_PRODUCTS_DIR}/RxBlocking/RxBlocking.framework",
				"${BUILT_PRODUCTS_DIR}/RxTest/RxTest.framework",
				"${BUILT_PRODUCTS_DIR}/Texture/AsyncDisplayKit.framework",
				"${BUILT_PRODUCTS_DIR}/URITemplate/URITemplate.framework",
			);
			name = "[CP] Embed Pods Frameworks";
			outputPaths = (
				"${TARGET_BUILD_DIR}/${FRAMEWORKS_FOLDER_PATH}/RxSwift.framework",
				"${TARGET_BUILD_DIR}/${FRAMEWORKS_FOLDER_PATH}/Mockingjay.framework",
				"${TARGET_BUILD_DIR}/${FRAMEWORKS_FOLDER_PATH}/PINCache.framework",
				"${TARGET_BUILD_DIR}/${FRAMEWORKS_FOLDER_PATH}/PINOperation.framework",
				"${TARGET_BUILD_DIR}/${FRAMEWORKS_FOLDER_PATH}/PINRemoteImage.framework",
				"${TARGET_BUILD_DIR}/${FRAMEWORKS_FOLDER_PATH}/RxBlocking.framework",
				"${TARGET_BUILD_DIR}/${FRAMEWORKS_FOLDER_PATH}/RxTest.framework",
				"${TARGET_BUILD_DIR}/${FRAMEWORKS_FOLDER_PATH}/AsyncDisplayKit.framework",
				"${TARGET_BUILD_DIR}/${FRAMEWORKS_FOLDER_PATH}/URITemplate.framework",
			);
			runOnlyForDeploymentPostprocessing = 0;
			shellPath = /bin/sh;
			shellScript = "\"${SRCROOT}/Pods/Target Support Files/Pods-wokestuffshopTests/Pods-wokestuffshopTests-frameworks.sh\"\n";
			showEnvVarsInLog = 0;
		};
		5DBABD7087536DF99D8EF533 /* [CP] Check Pods Manifest.lock */ = {
			isa = PBXShellScriptBuildPhase;
			buildActionMask = 2147483647;
			files = (
			);
			inputPaths = (
				"${PODS_PODFILE_DIR_PATH}/Podfile.lock",
				"${PODS_ROOT}/Manifest.lock",
			);
			name = "[CP] Check Pods Manifest.lock";
			outputPaths = (
				"$(DERIVED_FILE_DIR)/Pods-wokestuffshop-checkManifestLockResult.txt",
			);
			runOnlyForDeploymentPostprocessing = 0;
			shellPath = /bin/sh;
			shellScript = "diff \"${PODS_PODFILE_DIR_PATH}/Podfile.lock\" \"${PODS_ROOT}/Manifest.lock\" > /dev/null\nif [ $? != 0 ] ; then\n    # print error to STDERR\n    echo \"error: The sandbox is not in sync with the Podfile.lock. Run 'pod install' or update your CocoaPods installation.\" >&2\n    exit 1\nfi\n# This output is used by Xcode 'outputs' to avoid re-running this script phase.\necho \"SUCCESS\" > \"${SCRIPT_OUTPUT_FILE_0}\"\n";
			showEnvVarsInLog = 0;
		};
		88700A5F56CA3707DA1706FA /* [CP] Check Pods Manifest.lock */ = {
			isa = PBXShellScriptBuildPhase;
			buildActionMask = 2147483647;
			files = (
			);
			inputPaths = (
				"${PODS_PODFILE_DIR_PATH}/Podfile.lock",
				"${PODS_ROOT}/Manifest.lock",
			);
			name = "[CP] Check Pods Manifest.lock";
			outputPaths = (
				"$(DERIVED_FILE_DIR)/Pods-wokestuffshopUITests-checkManifestLockResult.txt",
			);
			runOnlyForDeploymentPostprocessing = 0;
			shellPath = /bin/sh;
			shellScript = "diff \"${PODS_PODFILE_DIR_PATH}/Podfile.lock\" \"${PODS_ROOT}/Manifest.lock\" > /dev/null\nif [ $? != 0 ] ; then\n    # print error to STDERR\n    echo \"error: The sandbox is not in sync with the Podfile.lock. Run 'pod install' or update your CocoaPods installation.\" >&2\n    exit 1\nfi\n# This output is used by Xcode 'outputs' to avoid re-running this script phase.\necho \"SUCCESS\" > \"${SCRIPT_OUTPUT_FILE_0}\"\n";
			showEnvVarsInLog = 0;
		};
/* End PBXShellScriptBuildPhase section */

/* Begin PBXSourcesBuildPhase section */
		6706A16320C77FCE00BC6760 /* Sources */ = {
			isa = PBXSourcesBuildPhase;
			buildActionMask = 2147483647;
			files = (
				6706A1C220C7842700BC6760 /* CheckoutViewModel.swift in Sources */,
				6706A1BA20C783E000BC6760 /* CartViewModel.swift in Sources */,
				6706A1B420C783B300BC6760 /* ProductCoordinator.swift in Sources */,
				6706A1A620C7834600BC6760 /* CollectionViewController.swift in Sources */,
				6706A19C20C782AD00BC6760 /* HomeViewModel.swift in Sources */,
				6706A1AA20C7836700BC6760 /* CollectionCoordinator.swift in Sources */,
				6706A19A20C7829400BC6760 /* HomeViewController.swift in Sources */,
				6706A1C020C7841600BC6760 /* CheckoutViewController.swift in Sources */,
				6706A16B20C77FCE00BC6760 /* AppDelegate.swift in Sources */,
				6706A1B220C783A500BC6760 /* ProductViewModel.swift in Sources */,
				6706A1BC20C783F900BC6760 /* CartCoordinator.swift in Sources */,
				6706A1B820C783D200BC6760 /* CartViewController.swift in Sources */,
				6706A1AC20C7837600BC6760 /* HomeCoordinator.swift in Sources */,
				6706A1B020C7839800BC6760 /* ProductViewController.swift in Sources */,
				6706A1C420C7844200BC6760 /* CheckoutCoordinator.swift in Sources */,
				6706A1A820C7835000BC6760 /* CollectionViewModel.swift in Sources */,
			);
			runOnlyForDeploymentPostprocessing = 0;
		};
		6706A17720C77FD200BC6760 /* Sources */ = {
			isa = PBXSourcesBuildPhase;
			buildActionMask = 2147483647;
			files = (
				6706A18020C77FD200BC6760 /* wokestuffshopTests.swift in Sources */,
			);
			runOnlyForDeploymentPostprocessing = 0;
		};
		6706A18220C77FD200BC6760 /* Sources */ = {
			isa = PBXSourcesBuildPhase;
			buildActionMask = 2147483647;
			files = (
				6706A18B20C77FD200BC6760 /* wokestuffshopUITests.swift in Sources */,
			);
			runOnlyForDeploymentPostprocessing = 0;
		};
/* End PBXSourcesBuildPhase section */

/* Begin PBXTargetDependency section */
		6706A17D20C77FD200BC6760 /* PBXTargetDependency */ = {
			isa = PBXTargetDependency;
			target = 6706A16620C77FCE00BC6760 /* wokestuffshop */;
			targetProxy = 6706A17C20C77FD200BC6760 /* PBXContainerItemProxy */;
		};
		6706A18820C77FD200BC6760 /* PBXTargetDependency */ = {
			isa = PBXTargetDependency;
			target = 6706A16620C77FCE00BC6760 /* wokestuffshop */;
			targetProxy = 6706A18720C77FD200BC6760 /* PBXContainerItemProxy */;
		};
/* End PBXTargetDependency section */

/* Begin PBXVariantGroup section */
		6706A16E20C77FCE00BC6760 /* Main.storyboard */ = {
			isa = PBXVariantGroup;
			children = (
				6706A16F20C77FCE00BC6760 /* Base */,
			);
			name = Main.storyboard;
			sourceTree = "<group>";
		};
		6706A17320C77FD100BC6760 /* LaunchScreen.storyboard */ = {
			isa = PBXVariantGroup;
			children = (
				6706A17420C77FD100BC6760 /* Base */,
			);
			name = LaunchScreen.storyboard;
			sourceTree = "<group>";
		};
/* End PBXVariantGroup section */

/* Begin XCBuildConfiguration section */
		6706A18D20C77FD200BC6760 /* Debug */ = {
			isa = XCBuildConfiguration;
			buildSettings = {
				ALWAYS_SEARCH_USER_PATHS = NO;
				CLANG_ANALYZER_NONNULL = YES;
				CLANG_ANALYZER_NUMBER_OBJECT_CONVERSION = YES_AGGRESSIVE;
				CLANG_CXX_LANGUAGE_STANDARD = "gnu++14";
				CLANG_CXX_LIBRARY = "libc++";
				CLANG_ENABLE_MODULES = YES;
				CLANG_ENABLE_OBJC_ARC = YES;
				CLANG_ENABLE_OBJC_WEAK = YES;
				CLANG_WARN_BLOCK_CAPTURE_AUTORELEASING = YES;
				CLANG_WARN_BOOL_CONVERSION = YES;
				CLANG_WARN_COMMA = YES;
				CLANG_WARN_CONSTANT_CONVERSION = YES;
				CLANG_WARN_DEPRECATED_OBJC_IMPLEMENTATIONS = YES;
				CLANG_WARN_DIRECT_OBJC_ISA_USAGE = YES_ERROR;
				CLANG_WARN_DOCUMENTATION_COMMENTS = YES;
				CLANG_WARN_EMPTY_BODY = YES;
				CLANG_WARN_ENUM_CONVERSION = YES;
				CLANG_WARN_INFINITE_RECURSION = YES;
				CLANG_WARN_INT_CONVERSION = YES;
				CLANG_WARN_NON_LITERAL_NULL_CONVERSION = YES;
				CLANG_WARN_OBJC_IMPLICIT_RETAIN_SELF = YES;
				CLANG_WARN_OBJC_LITERAL_CONVERSION = YES;
				CLANG_WARN_OBJC_ROOT_CLASS = YES_ERROR;
				CLANG_WARN_RANGE_LOOP_ANALYSIS = YES;
				CLANG_WARN_STRICT_PROTOTYPES = YES;
				CLANG_WARN_SUSPICIOUS_MOVE = YES;
				CLANG_WARN_UNGUARDED_AVAILABILITY = YES_AGGRESSIVE;
				CLANG_WARN_UNREACHABLE_CODE = YES;
				CLANG_WARN__DUPLICATE_METHOD_MATCH = YES;
				CODE_SIGN_IDENTITY = "iPhone Developer";
				COPY_PHASE_STRIP = NO;
				DEBUG_INFORMATION_FORMAT = dwarf;
				ENABLE_STRICT_OBJC_MSGSEND = YES;
				ENABLE_TESTABILITY = YES;
				GCC_C_LANGUAGE_STANDARD = gnu11;
				GCC_DYNAMIC_NO_PIC = NO;
				GCC_NO_COMMON_BLOCKS = YES;
				GCC_OPTIMIZATION_LEVEL = 0;
				GCC_PREPROCESSOR_DEFINITIONS = (
					"DEBUG=1",
					"$(inherited)",
				);
				GCC_WARN_64_TO_32_BIT_CONVERSION = YES;
				GCC_WARN_ABOUT_RETURN_TYPE = YES_ERROR;
				GCC_WARN_UNDECLARED_SELECTOR = YES;
				GCC_WARN_UNINITIALIZED_AUTOS = YES_AGGRESSIVE;
				GCC_WARN_UNUSED_FUNCTION = YES;
				GCC_WARN_UNUSED_VARIABLE = YES;
				IPHONEOS_DEPLOYMENT_TARGET = 11.4;
				MTL_ENABLE_DEBUG_INFO = YES;
				ONLY_ACTIVE_ARCH = YES;
				SDKROOT = iphoneos;
				SWIFT_ACTIVE_COMPILATION_CONDITIONS = DEBUG;
				SWIFT_OPTIMIZATION_LEVEL = "-Onone";
			};
			name = Debug;
		};
		6706A18E20C77FD200BC6760 /* Release */ = {
			isa = XCBuildConfiguration;
			buildSettings = {
				ALWAYS_SEARCH_USER_PATHS = NO;
				CLANG_ANALYZER_NONNULL = YES;
				CLANG_ANALYZER_NUMBER_OBJECT_CONVERSION = YES_AGGRESSIVE;
				CLANG_CXX_LANGUAGE_STANDARD = "gnu++14";
				CLANG_CXX_LIBRARY = "libc++";
				CLANG_ENABLE_MODULES = YES;
				CLANG_ENABLE_OBJC_ARC = YES;
				CLANG_ENABLE_OBJC_WEAK = YES;
				CLANG_WARN_BLOCK_CAPTURE_AUTORELEASING = YES;
				CLANG_WARN_BOOL_CONVERSION = YES;
				CLANG_WARN_COMMA = YES;
				CLANG_WARN_CONSTANT_CONVERSION = YES;
				CLANG_WARN_DEPRECATED_OBJC_IMPLEMENTATIONS = YES;
				CLANG_WARN_DIRECT_OBJC_ISA_USAGE = YES_ERROR;
				CLANG_WARN_DOCUMENTATION_COMMENTS = YES;
				CLANG_WARN_EMPTY_BODY = YES;
				CLANG_WARN_ENUM_CONVERSION = YES;
				CLANG_WARN_INFINITE_RECURSION = YES;
				CLANG_WARN_INT_CONVERSION = YES;
				CLANG_WARN_NON_LITERAL_NULL_CONVERSION = YES;
				CLANG_WARN_OBJC_IMPLICIT_RETAIN_SELF = YES;
				CLANG_WARN_OBJC_LITERAL_CONVERSION = YES;
				CLANG_WARN_OBJC_ROOT_CLASS = YES_ERROR;
				CLANG_WARN_RANGE_LOOP_ANALYSIS = YES;
				CLANG_WARN_STRICT_PROTOTYPES = YES;
				CLANG_WARN_SUSPICIOUS_MOVE = YES;
				CLANG_WARN_UNGUARDED_AVAILABILITY = YES_AGGRESSIVE;
				CLANG_WARN_UNREACHABLE_CODE = YES;
				CLANG_WARN__DUPLICATE_METHOD_MATCH = YES;
				CODE_SIGN_IDENTITY = "iPhone Developer";
				COPY_PHASE_STRIP = NO;
				DEBUG_INFORMATION_FORMAT = "dwarf-with-dsym";
				ENABLE_NS_ASSERTIONS = NO;
				ENABLE_STRICT_OBJC_MSGSEND = YES;
				GCC_C_LANGUAGE_STANDARD = gnu11;
				GCC_NO_COMMON_BLOCKS = YES;
				GCC_WARN_64_TO_32_BIT_CONVERSION = YES;
				GCC_WARN_ABOUT_RETURN_TYPE = YES_ERROR;
				GCC_WARN_UNDECLARED_SELECTOR = YES;
				GCC_WARN_UNINITIALIZED_AUTOS = YES_AGGRESSIVE;
				GCC_WARN_UNUSED_FUNCTION = YES;
				GCC_WARN_UNUSED_VARIABLE = YES;
				IPHONEOS_DEPLOYMENT_TARGET = 11.4;
				MTL_ENABLE_DEBUG_INFO = NO;
				SDKROOT = iphoneos;
				SWIFT_COMPILATION_MODE = wholemodule;
				SWIFT_OPTIMIZATION_LEVEL = "-O";
				VALIDATE_PRODUCT = YES;
			};
			name = Release;
		};
		6706A19020C77FD200BC6760 /* Debug */ = {
			isa = XCBuildConfiguration;
			baseConfigurationReference = 68F6290E3726707651BE9276 /* Pods-wokestuffshop.debug.xcconfig */;
			buildSettings = {
				ASSETCATALOG_COMPILER_APPICON_NAME = AppIcon;
				CODE_SIGN_STYLE = Automatic;
				DEVELOPMENT_TEAM = 7H24YLZ5RG;
				INFOPLIST_FILE = wokestuffshop/Info.plist;
				IPHONEOS_DEPLOYMENT_TARGET = 10.0;
				LD_RUNPATH_SEARCH_PATHS = "$(inherited) @executable_path/Frameworks";
				PRODUCT_BUNDLE_IDENTIFIER = co.aminebadraoui.wokestuffshop;
				PRODUCT_NAME = "$(TARGET_NAME)";
				SWIFT_VERSION = 4.0;
				TARGETED_DEVICE_FAMILY = "1,2";
			};
			name = Debug;
		};
		6706A19120C77FD200BC6760 /* Release */ = {
			isa = XCBuildConfiguration;
			baseConfigurationReference = E8ED0E3D77A2901F2C4E63CC /* Pods-wokestuffshop.release.xcconfig */;
			buildSettings = {
				ASSETCATALOG_COMPILER_APPICON_NAME = AppIcon;
				CODE_SIGN_STYLE = Automatic;
				DEVELOPMENT_TEAM = 7H24YLZ5RG;
				INFOPLIST_FILE = wokestuffshop/Info.plist;
				IPHONEOS_DEPLOYMENT_TARGET = 10.0;
				LD_RUNPATH_SEARCH_PATHS = "$(inherited) @executable_path/Frameworks";
				PRODUCT_BUNDLE_IDENTIFIER = co.aminebadraoui.wokestuffshop;
				PRODUCT_NAME = "$(TARGET_NAME)";
				SWIFT_VERSION = 4.0;
				TARGETED_DEVICE_FAMILY = "1,2";
			};
			name = Release;
		};
		6706A19320C77FD200BC6760 /* Debug */ = {
			isa = XCBuildConfiguration;
			baseConfigurationReference = A43CD921217AB03986C075C3 /* Pods-wokestuffshopTests.debug.xcconfig */;
			buildSettings = {
				ALWAYS_EMBED_SWIFT_STANDARD_LIBRARIES = YES;
				BUNDLE_LOADER = "$(TEST_HOST)";
				CODE_SIGN_STYLE = Automatic;
				DEVELOPMENT_TEAM = 7H24YLZ5RG;
				INFOPLIST_FILE = wokestuffshopTests/Info.plist;
				LD_RUNPATH_SEARCH_PATHS = "$(inherited) @executable_path/Frameworks @loader_path/Frameworks";
				PRODUCT_BUNDLE_IDENTIFIER = co.aminebadraoui.wokestuffshopTests;
				PRODUCT_NAME = "$(TARGET_NAME)";
				SWIFT_VERSION = 4.0;
				TARGETED_DEVICE_FAMILY = "1,2";
				TEST_HOST = "$(BUILT_PRODUCTS_DIR)/wokestuffshop.app/wokestuffshop";
			};
			name = Debug;
		};
		6706A19420C77FD200BC6760 /* Release */ = {
			isa = XCBuildConfiguration;
			baseConfigurationReference = 4A9C25ABD79A2ABB347305D0 /* Pods-wokestuffshopTests.release.xcconfig */;
			buildSettings = {
				ALWAYS_EMBED_SWIFT_STANDARD_LIBRARIES = YES;
				BUNDLE_LOADER = "$(TEST_HOST)";
				CODE_SIGN_STYLE = Automatic;
				DEVELOPMENT_TEAM = 7H24YLZ5RG;
				INFOPLIST_FILE = wokestuffshopTests/Info.plist;
				LD_RUNPATH_SEARCH_PATHS = "$(inherited) @executable_path/Frameworks @loader_path/Frameworks";
				PRODUCT_BUNDLE_IDENTIFIER = co.aminebadraoui.wokestuffshopTests;
				PRODUCT_NAME = "$(TARGET_NAME)";
				SWIFT_VERSION = 4.0;
				TARGETED_DEVICE_FAMILY = "1,2";
				TEST_HOST = "$(BUILT_PRODUCTS_DIR)/wokestuffshop.app/wokestuffshop";
			};
			name = Release;
		};
		6706A19620C77FD200BC6760 /* Debug */ = {
			isa = XCBuildConfiguration;
			baseConfigurationReference = 785ED0908776EEAA2C0B5337 /* Pods-wokestuffshopUITests.debug.xcconfig */;
			buildSettings = {
				ALWAYS_EMBED_SWIFT_STANDARD_LIBRARIES = YES;
				CODE_SIGN_STYLE = Automatic;
				DEVELOPMENT_TEAM = 7H24YLZ5RG;
				INFOPLIST_FILE = wokestuffshopUITests/Info.plist;
				LD_RUNPATH_SEARCH_PATHS = "$(inherited) @executable_path/Frameworks @loader_path/Frameworks";
				PRODUCT_BUNDLE_IDENTIFIER = co.aminebadraoui.wokestuffshopUITests;
				PRODUCT_NAME = "$(TARGET_NAME)";
				SWIFT_VERSION = 4.0;
				TARGETED_DEVICE_FAMILY = "1,2";
				TEST_TARGET_NAME = wokestuffshop;
			};
			name = Debug;
		};
		6706A19720C77FD200BC6760 /* Release */ = {
			isa = XCBuildConfiguration;
			baseConfigurationReference = DCEB3B4E4796A66B0790A6E0 /* Pods-wokestuffshopUITests.release.xcconfig */;
			buildSettings = {
				ALWAYS_EMBED_SWIFT_STANDARD_LIBRARIES = YES;
				CODE_SIGN_STYLE = Automatic;
				DEVELOPMENT_TEAM = 7H24YLZ5RG;
				INFOPLIST_FILE = wokestuffshopUITests/Info.plist;
				LD_RUNPATH_SEARCH_PATHS = "$(inherited) @executable_path/Frameworks @loader_path/Frameworks";
				PRODUCT_BUNDLE_IDENTIFIER = co.aminebadraoui.wokestuffshopUITests;
				PRODUCT_NAME = "$(TARGET_NAME)";
				SWIFT_VERSION = 4.0;
				TARGETED_DEVICE_FAMILY = "1,2";
				TEST_TARGET_NAME = wokestuffshop;
			};
			name = Release;
		};
/* End XCBuildConfiguration section */

/* Begin XCConfigurationList section */
		6706A16220C77FCE00BC6760 /* Build configuration list for PBXProject "wokestuffshop" */ = {
			isa = XCConfigurationList;
			buildConfigurations = (
				6706A18D20C77FD200BC6760 /* Debug */,
				6706A18E20C77FD200BC6760 /* Release */,
			);
			defaultConfigurationIsVisible = 0;
			defaultConfigurationName = Release;
		};
		6706A18F20C77FD200BC6760 /* Build configuration list for PBXNativeTarget "wokestuffshop" */ = {
			isa = XCConfigurationList;
			buildConfigurations = (
				6706A19020C77FD200BC6760 /* Debug */,
				6706A19120C77FD200BC6760 /* Release */,
			);
			defaultConfigurationIsVisible = 0;
			defaultConfigurationName = Release;
		};
		6706A19220C77FD200BC6760 /* Build configuration list for PBXNativeTarget "wokestuffshopTests" */ = {
			isa = XCConfigurationList;
			buildConfigurations = (
				6706A19320C77FD200BC6760 /* Debug */,
				6706A19420C77FD200BC6760 /* Release */,
			);
			defaultConfigurationIsVisible = 0;
			defaultConfigurationName = Release;
		};
		6706A19520C77FD200BC6760 /* Build configuration list for PBXNativeTarget "wokestuffshopUITests" */ = {
			isa = XCConfigurationList;
			buildConfigurations = (
				6706A19620C77FD200BC6760 /* Debug */,
				6706A19720C77FD200BC6760 /* Release */,
			);
			defaultConfigurationIsVisible = 0;
			defaultConfigurationName = Release;
		};
/* End XCConfigurationList section */
	};
	rootObject = 6706A15F20C77FCE00BC6760 /* Project object */;
}
